
Microsoft Visual Studio Solution File, Format Version 12.00
# Visual Studio Version 16
VisualStudioVersion = 16.0.30225.117
MinimumVisualStudioVersion = 10.0.40219.1
Project("{FAE04EC0-301F-11D3-BF4B-00C04F79EFBC}") = "winform_menu", "winform_menu\winform_menu.csproj", "{B2E45095-28E2-4D4E-9AA9-C892377161B1}"
EndProject
Global
	GlobalSection(SolutionConfigurationPlatforms) = preSolution
		Debug|Any CPU = Debug|Any CPU
		Release|Any CPU = Release|Any CPU
	EndGlobalSection
	GlobalSection(ProjectConfigurationPlatforms) = postSolution
		{B2E45095-28E2-4D4E-9AA9-C892377161B1}.Debug|Any CPU.ActiveCfg = Debug|Any CPU
		{B2E45095-28E2-4D4E-9AA9-C892377161B1}.Debug|Any CPU.Build.0 = Debug|Any CPU
		{B2E45095-28E2-4D4E-9AA9-C892377161B1}.Release|Any CPU.ActiveCfg = Release|Any CPU
		{B2E45095-28E2-4D4E-9AA9-C892377161B1}.Release|Any CPU.Build.0 = Release|Any CPU
	EndGlobalSection
	GlobalSection(SolutionProperties) = preSolution
		HideSolutionNode = FALSE
	EndGlobalSection
	GlobalSection(ExtensibilityGlobals) = postSolution
		SolutionGuid = {107BDF21-7245-4D39-AF76-73BB5D8B0685}
	EndGlobalSection
EndGlobal
