
Microsoft Visual Studio Solution File, Format Version 12.00
# Visual Studio Version 16
VisualStudioVersion = 16.0.30225.117
MinimumVisualStudioVersion = 10.0.40219.1
Project("{FAE04EC0-301F-11D3-BF4B-00C04F79EFBC}") = "ClassLibrary1", "ClassLibrary1\ClassLibrary1.csproj", "{C426CE85-AE8E-4399-90EB-E6BCEA2A818E}"
EndProject
Global
	GlobalSection(SolutionConfigurationPlatforms) = preSolution
		Debug|Any CPU = Debug|Any CPU
		Release|Any CPU = Release|Any CPU
	EndGlobalSection
	GlobalSection(ProjectConfigurationPlatforms) = postSolution
		{C426CE85-AE8E-4399-90EB-E6BCEA2A818E}.Debug|Any CPU.ActiveCfg = Debug|Any CPU
		{C426CE85-AE8E-4399-90EB-E6BCEA2A818E}.Debug|Any CPU.Build.0 = Debug|Any CPU
		{C426CE85-AE8E-4399-90EB-E6BCEA2A818E}.Release|Any CPU.ActiveCfg = Release|Any CPU
		{C426CE85-AE8E-4399-90EB-E6BCEA2A818E}.Release|Any CPU.Build.0 = Release|Any CPU
	EndGlobalSection
	GlobalSection(SolutionProperties) = preSolution
		HideSolutionNode = FALSE
	EndGlobalSection
	GlobalSection(ExtensibilityGlobals) = postSolution
		SolutionGuid = {EB935F9C-39FE-44D7-94A1-E95AC23E05D1}
	EndGlobalSection
EndGlobal
