
Microsoft Visual Studio Solution File, Format Version 12.00
# Visual Studio Version 16
VisualStudioVersion = 16.0.30225.117
MinimumVisualStudioVersion = 10.0.40219.1
Project("{FAE04EC0-301F-11D3-BF4B-00C04F79EFBC}") = "ConsoleApp1", "ConsoleApp1\ConsoleApp1.csproj", "{1412C7F8-041C-4E22-8652-8226B0E25DFC}"
EndProject
Project("{FAE04EC0-301F-11D3-BF4B-00C04F79EFBC}") = "ClassLibrary1", "..\test_cshart_library\ClassLibrary1\ClassLibrary1.csproj", "{C426CE85-AE8E-4399-90EB-E6BCEA2A818E}"
EndProject
Global
	GlobalSection(SolutionConfigurationPlatforms) = preSolution
		Debug|Any CPU = Debug|Any CPU
		Release|Any CPU = Release|Any CPU
	EndGlobalSection
	GlobalSection(ProjectConfigurationPlatforms) = postSolution
		{1412C7F8-041C-4E22-8652-8226B0E25DFC}.Debug|Any CPU.ActiveCfg = Debug|Any CPU
		{1412C7F8-041C-4E22-8652-8226B0E25DFC}.Debug|Any CPU.Build.0 = Debug|Any CPU
		{1412C7F8-041C-4E22-8652-8226B0E25DFC}.Release|Any CPU.ActiveCfg = Release|Any CPU
		{1412C7F8-041C-4E22-8652-8226B0E25DFC}.Release|Any CPU.Build.0 = Release|Any CPU
		{C426CE85-AE8E-4399-90EB-E6BCEA2A818E}.Debug|Any CPU.ActiveCfg = Debug|Any CPU
		{C426CE85-AE8E-4399-90EB-E6BCEA2A818E}.Debug|Any CPU.Build.0 = Debug|Any CPU
		{C426CE85-AE8E-4399-90EB-E6BCEA2A818E}.Release|Any CPU.ActiveCfg = Release|Any CPU
		{C426CE85-AE8E-4399-90EB-E6BCEA2A818E}.Release|Any CPU.Build.0 = Release|Any CPU
	EndGlobalSection
	GlobalSection(SolutionProperties) = preSolution
		HideSolutionNode = FALSE
	EndGlobalSection
	GlobalSection(ExtensibilityGlobals) = postSolution
		SolutionGuid = {23DB4D08-76E1-4BE8-B096-B49E00072AA9}
	EndGlobalSection
EndGlobal
