
Microsoft Visual Studio Solution File, Format Version 12.00
# Visual Studio Version 16
VisualStudioVersion = 16.0.30523.141
MinimumVisualStudioVersion = 10.0.40219.1
Project("{FAE04EC0-301F-11D3-BF4B-00C04F79EFBC}") = "test_delegate", "test_delegate\test_delegate.csproj", "{83D28071-DA5E-4FAF-9D63-B1271AB78421}"
EndProject
Global
	GlobalSection(SolutionConfigurationPlatforms) = preSolution
		Debug|Any CPU = Debug|Any CPU
		Release|Any CPU = Release|Any CPU
	EndGlobalSection
	GlobalSection(ProjectConfigurationPlatforms) = postSolution
		{83D28071-DA5E-4FAF-9D63-B1271AB78421}.Debug|Any CPU.ActiveCfg = Debug|Any CPU
		{83D28071-DA5E-4FAF-9D63-B1271AB78421}.Debug|Any CPU.Build.0 = Debug|Any CPU
		{83D28071-DA5E-4FAF-9D63-B1271AB78421}.Release|Any CPU.ActiveCfg = Release|Any CPU
		{83D28071-DA5E-4FAF-9D63-B1271AB78421}.Release|Any CPU.Build.0 = Release|Any CPU
	EndGlobalSection
	GlobalSection(SolutionProperties) = preSolution
		HideSolutionNode = FALSE
	EndGlobalSection
	GlobalSection(ExtensibilityGlobals) = postSolution
		SolutionGuid = {EB02C329-3FF1-4A62-8160-5E743777EBBE}
	EndGlobalSection
EndGlobal
